github.com/akrylysov/pogreb v0.10.1 h1:FqlR8VR7uCbJdfUob916tPM+idpKgeESDXOA1K0DK4w=
github.com/akrylysov/pogreb v0.10.1/go.mod h1:pNs6QmpQ1UlTJKDezuRWmaqkgUE2TuU0YTWyqJZ7+lI=
github.com/creachadair/ffs v0.0.0-20230205181227-d55aafbb6c81 h1:FgfJIwYdaNhqX9sankQlGXzCdby3GKQ3jfra4cvwhcw=
github.com/creachadair/ffs v0.0.0-20230205181227-d55aafbb6c81/go.mod h1:QHVozXz+RCH9iFdKOFIxpWy5b5KrDbXuq1cMPqE9pRA=
github.com/creachadair/mds v0.0.0-20230121043849-c7d6542927f1 h1:h7jEOsXCvbU//K4zcnDcrgB2nFqlIsZ2q4x2Y7CWmNw=
github.com/creachadair/mds v0.0.0-20230121043849-c7d6542927f1/go.mod h1:caBACU+n1Q/rZ252FTzfnG0/H+ZUi+UnIQtEOraMv/g=
github.com/google/go-cmp v0.5.9 h1:O2Tfq5qg4qc4AmwVlvv0oLiVAGB7enBSJ2x2DqQFi38=
github.com/google/go-cmp v0.5.9/go.mod h1:17dUlkBOakJ0+DkrSSNjCkIjxS6bF9zb3elmeNGIjoY=
