github.com/akrylysov/pogreb v0.10.1 h1:FqlR8VR7uCbJdfUob916tPM+idpKgeESDXOA1K0DK4w=
github.com/akrylysov/pogreb v0.10.1/go.mod h1:pNs6QmpQ1UlTJKDezuRWmaqkgUE2TuU0YTWyqJZ7+lI=
github.com/creachadair/ffs v0.0.0-20230120030721-f875fe903469 h1:PyYaDP0CAhY+SPOz0ZPw/n4ckvpWbQmWtZ6PncMJ7CQ=
github.com/creachadair/ffs v0.0.0-20230120030721-f875fe903469/go.mod h1:fFlaxHc23IXdYmMaeti2AAyYAfcJye41W0QmxOINAxA=
github.com/creachadair/mds v0.0.0-20230115232940-050e69c560e9 h1:XLIAwplR1wDCSqyygIVKPaJmRAjPf1ntHwoIJus/bck=
github.com/creachadair/mds v0.0.0-20230115232940-050e69c560e9/go.mod h1:caBACU+n1Q/rZ252FTzfnG0/H+ZUi+UnIQtEOraMv/g=
github.com/google/go-cmp v0.5.9 h1:O2Tfq5qg4qc4AmwVlvv0oLiVAGB7enBSJ2x2DqQFi38=
github.com/google/go-cmp v0.5.9/go.mod h1:17dUlkBOakJ0+DkrSSNjCkIjxS6bF9zb3elmeNGIjoY=
